
Microsoft Visual Studio Solution File, Format Version 12.00
# Visual Studio Version 16
VisualStudioVersion = 16.0.29519.87
MinimumVisualStudioVersion = 10.0.40219.1
Project("{2150E333-8FDC-42A3-9474-1A3956D46DE8}") = "01-应用程序", "01-应用程序", "{286C1831-F619-47C0-97BE-054BC49E6364}"
EndProject
Project("{2150E333-8FDC-42A3-9474-1A3956D46DE8}") = "02-应用服务", "02-应用服务", "{45253D95-2A35-435E-9DE4-E12098FC104A}"
EndProject
Project("{2150E333-8FDC-42A3-9474-1A3956D46DE8}") = "03-应用公共", "03-应用公共", "{E9AD29B2-076E-443C-A76B-0650D67B77E7}"
EndProject
Project("{2150E333-8FDC-42A3-9474-1A3956D46DE8}") = "04-应用扩展", "04-应用扩展", "{2B3219DB-AF1D-4205-B399-F30845D0DE41}"
EndProject
Project("{9A19103F-16F7-4668-BE54-9A1E7A4F7556}") = "Sys.OA.API", "Sys.OA.API\Sys.OA.API.csproj", "{9CCBB18F-BC65-4B6D-8DEA-7A581727FB6D}"
EndProject
Project("{9A19103F-16F7-4668-BE54-9A1E7A4F7556}") = "Sys.OA.Web", "Sys.OA.Web\Sys.OA.Web.csproj", "{FD2860F3-1454-4D26-B5C4-BEDFA09B2A68}"
EndProject
Project("{9A19103F-16F7-4668-BE54-9A1E7A4F7556}") = "Sys.OA.Service", "Sys.OA.Service\Sys.OA.Service.csproj", "{63ED4414-9A0E-4592-995D-540B0E13CB93}"
EndProject
Project("{9A19103F-16F7-4668-BE54-9A1E7A4F7556}") = "Sys.OA.Core", "Sys.OA.Core\Sys.OA.Core.csproj", "{54793366-A157-462C-A7D9-F28A46035933}"
EndProject
Project("{9A19103F-16F7-4668-BE54-9A1E7A4F7556}") = "Sys.OA.Enties", "Sys.OA.Enties\Sys.OA.Enties.csproj", "{F250B253-4725-4669-9CC3-5209C033705D}"
EndProject
Project("{9A19103F-16F7-4668-BE54-9A1E7A4F7556}") = "Sys.OA.Common", "Sys.OA.Common\Sys.OA.Common.csproj", "{D42F0193-568B-4C27-B8AC-3213F03CCB57}"
EndProject
Project("{9A19103F-16F7-4668-BE54-9A1E7A4F7556}") = "Sys.OA.Extensions", "Sys.OA.Extensions\Sys.OA.Extensions.csproj", "{CDD6FE6E-5BB9-444F-AB41-1DD28DC3260B}"
EndProject
Global
	GlobalSection(SolutionConfigurationPlatforms) = preSolution
		Debug|Any CPU = Debug|Any CPU
		Release|Any CPU = Release|Any CPU
	EndGlobalSection
	GlobalSection(ProjectConfigurationPlatforms) = postSolution
		{9CCBB18F-BC65-4B6D-8DEA-7A581727FB6D}.Debug|Any CPU.ActiveCfg = Debug|Any CPU
		{9CCBB18F-BC65-4B6D-8DEA-7A581727FB6D}.Debug|Any CPU.Build.0 = Debug|Any CPU
		{9CCBB18F-BC65-4B6D-8DEA-7A581727FB6D}.Release|Any CPU.ActiveCfg = Release|Any CPU
		{9CCBB18F-BC65-4B6D-8DEA-7A581727FB6D}.Release|Any CPU.Build.0 = Release|Any CPU
		{FD2860F3-1454-4D26-B5C4-BEDFA09B2A68}.Debug|Any CPU.ActiveCfg = Debug|Any CPU
		{FD2860F3-1454-4D26-B5C4-BEDFA09B2A68}.Debug|Any CPU.Build.0 = Debug|Any CPU
		{FD2860F3-1454-4D26-B5C4-BEDFA09B2A68}.Release|Any CPU.ActiveCfg = Release|Any CPU
		{FD2860F3-1454-4D26-B5C4-BEDFA09B2A68}.Release|Any CPU.Build.0 = Release|Any CPU
		{63ED4414-9A0E-4592-995D-540B0E13CB93}.Debug|Any CPU.ActiveCfg = Debug|Any CPU
		{63ED4414-9A0E-4592-995D-540B0E13CB93}.Debug|Any CPU.Build.0 = Debug|Any CPU
		{63ED4414-9A0E-4592-995D-540B0E13CB93}.Release|Any CPU.ActiveCfg = Release|Any CPU
		{63ED4414-9A0E-4592-995D-540B0E13CB93}.Release|Any CPU.Build.0 = Release|Any CPU
		{54793366-A157-462C-A7D9-F28A46035933}.Debug|Any CPU.ActiveCfg = Debug|Any CPU
		{54793366-A157-462C-A7D9-F28A46035933}.Debug|Any CPU.Build.0 = Debug|Any CPU
		{54793366-A157-462C-A7D9-F28A46035933}.Release|Any CPU.ActiveCfg = Release|Any CPU
		{54793366-A157-462C-A7D9-F28A46035933}.Release|Any CPU.Build.0 = Release|Any CPU
		{F250B253-4725-4669-9CC3-5209C033705D}.Debug|Any CPU.ActiveCfg = Debug|Any CPU
		{F250B253-4725-4669-9CC3-5209C033705D}.Debug|Any CPU.Build.0 = Debug|Any CPU
		{F250B253-4725-4669-9CC3-5209C033705D}.Release|Any CPU.ActiveCfg = Release|Any CPU
		{F250B253-4725-4669-9CC3-5209C033705D}.Release|Any CPU.Build.0 = Release|Any CPU
		{D42F0193-568B-4C27-B8AC-3213F03CCB57}.Debug|Any CPU.ActiveCfg = Debug|Any CPU
		{D42F0193-568B-4C27-B8AC-3213F03CCB57}.Debug|Any CPU.Build.0 = Debug|Any CPU
		{D42F0193-568B-4C27-B8AC-3213F03CCB57}.Release|Any CPU.ActiveCfg = Release|Any CPU
		{D42F0193-568B-4C27-B8AC-3213F03CCB57}.Release|Any CPU.Build.0 = Release|Any CPU
		{CDD6FE6E-5BB9-444F-AB41-1DD28DC3260B}.Debug|Any CPU.ActiveCfg = Debug|Any CPU
		{CDD6FE6E-5BB9-444F-AB41-1DD28DC3260B}.Debug|Any CPU.Build.0 = Debug|Any CPU
		{CDD6FE6E-5BB9-444F-AB41-1DD28DC3260B}.Release|Any CPU.ActiveCfg = Release|Any CPU
		{CDD6FE6E-5BB9-444F-AB41-1DD28DC3260B}.Release|Any CPU.Build.0 = Release|Any CPU
	EndGlobalSection
	GlobalSection(SolutionProperties) = preSolution
		HideSolutionNode = FALSE
	EndGlobalSection
	GlobalSection(NestedProjects) = preSolution
		{9CCBB18F-BC65-4B6D-8DEA-7A581727FB6D} = {286C1831-F619-47C0-97BE-054BC49E6364}
		{FD2860F3-1454-4D26-B5C4-BEDFA09B2A68} = {286C1831-F619-47C0-97BE-054BC49E6364}
		{63ED4414-9A0E-4592-995D-540B0E13CB93} = {45253D95-2A35-435E-9DE4-E12098FC104A}
		{54793366-A157-462C-A7D9-F28A46035933} = {45253D95-2A35-435E-9DE4-E12098FC104A}
		{F250B253-4725-4669-9CC3-5209C033705D} = {2B3219DB-AF1D-4205-B399-F30845D0DE41}
		{D42F0193-568B-4C27-B8AC-3213F03CCB57} = {E9AD29B2-076E-443C-A76B-0650D67B77E7}
		{CDD6FE6E-5BB9-444F-AB41-1DD28DC3260B} = {2B3219DB-AF1D-4205-B399-F30845D0DE41}
	EndGlobalSection
	GlobalSection(ExtensibilityGlobals) = postSolution
		SolutionGuid = {E67EDAE2-472B-4E7A-961C-E7DD103157AC}
	EndGlobalSection
EndGlobal
